
Microsoft Visual Studio Solution File, Format Version 12.00
# Visual Studio Version 16
VisualStudioVersion = 16.0.32901.82
MinimumVisualStudioVersion = 10.0.40219.1
Project("{2150E333-8FDC-42A3-9474-1A3956D46DE8}") = "Feature", "Feature", "{16847E42-A5A6-44ED-B71B-A220447C60E1}"
EndProject
Project("{2150E333-8FDC-42A3-9474-1A3956D46DE8}") = "Foundation", "Foundation", "{F18B48E3-45D7-4D97-9024-9B99FF7AB1AF}"
EndProject
Project("{2150E333-8FDC-42A3-9474-1A3956D46DE8}") = "Project", "Project", "{CAFF5CBC-F893-4DA7-BA60-FEE6501558DE}"
EndProject
Project("{2150E333-8FDC-42A3-9474-1A3956D46DE8}") = "Publish", "Publish", "{41D24D98-CF71-404F-A102-F433E0C96A25}"
EndProject
Project("{2150E333-8FDC-42A3-9474-1A3956D46DE8}") = "Common", "Common", "{9E2AC4D2-88DF-42F0-B96D-7700897A52F1}"
EndProject
Project("{FAE04EC0-301F-11D3-BF4B-00C04F79EFBC}") = "Stratum.Foundation.Common", "src\Foundation\code\Stratum.Foundation.Common\Stratum.Foundation.Common.csproj", "{AE6229F3-5B62-4AB6-8E84-16D6CA72E0C7}"
EndProject
Project("{2150E333-8FDC-42A3-9474-1A3956D46DE8}") = "PageContent", "PageContent", "{BA2A73BB-35B3-40ED-96A0-B8DAE113649E}"
EndProject
Project("{FAE04EC0-301F-11D3-BF4B-00C04F79EFBC}") = "Stratum.Feature.PageContent", "src\Feature\code\Stratum.Feature.PageContent\Stratum.Feature.PageContent.csproj", "{17DFA8E3-0032-40C6-B084-9B92BAAE05CF}"
EndProject
Project("{2150E333-8FDC-42A3-9474-1A3956D46DE8}") = "Website", "Website", "{D1B4B597-94D6-4077-8966-6FFDE7A59A62}"
EndProject
Project("{FAE04EC0-301F-11D3-BF4B-00C04F79EFBC}") = "Stratum.Project.Website", "src\Project\code\Stratum.Project.Website\Stratum.Project.Website.csproj", "{E28642AD-A829-42A8-ABF0-850E0ECB07A9}"
EndProject
Project("{2150E333-8FDC-42A3-9474-1A3956D46DE8}") = "Navigation", "Navigation", "{7F5CEC22-96B2-40BD-9AE7-BBF1C773EA80}"
EndProject
Project("{FAE04EC0-301F-11D3-BF4B-00C04F79EFBC}") = "Stratum.Feature.Navigation", "src\Feature\code\Stratum.Feature.Navigation\Stratum.Feature.Navigation.csproj", "{4DA0D042-5516-4AD9-AE60-3D2273E5B4B0}"
EndProject
Project("{2150E333-8FDC-42A3-9474-1A3956D46DE8}") = "Base", "Base", "{FE99B851-EA7A-427D-910F-0A97AA6BF2D3}"
EndProject
Project("{FAE04EC0-301F-11D3-BF4B-00C04F79EFBC}") = "Stratum.Feature.Base", "src\Feature\code\Stratum.Feature.Base\Stratum.Feature.Base.csproj", "{60E8839C-4101-42A4-8BA6-E90FA7A7D312}"
EndProject
Project("{2150E333-8FDC-42A3-9474-1A3956D46DE8}") = "Accounts", "Accounts", "{25A81F4D-C872-4204-BC71-A177F7DF2292}"
EndProject
Project("{FAE04EC0-301F-11D3-BF4B-00C04F79EFBC}") = "Stratum.Foundation.Accounts", "src\Foundation\code\Stratum.Foundation.Accounts\Stratum.Foundation.Accounts.csproj", "{AD224595-1018-4C97-8C4D-9CF74CE2AC54}"
EndProject
Project("{2150E333-8FDC-42A3-9474-1A3956D46DE8}") = "API", "API", "{BC6D9F43-541D-4E47-9539-EF16BFB5F6DD}"
EndProject
Project("{FAE04EC0-301F-11D3-BF4B-00C04F79EFBC}") = "Stratum.Foundation.Api", "src\Foundation\code\Stratum.Foundation.Api\Stratum.Foundation.Api.csproj", "{40A20115-E8E3-410A-AF4C-68511C2D3EA1}"
EndProject
Project("{2150E333-8FDC-42A3-9474-1A3956D46DE8}") = "AdminPages", "AdminPages", "{FF982D65-3833-440C-939F-B3A0B1D7D8FD}"
EndProject
Project("{FAE04EC0-301F-11D3-BF4B-00C04F79EFBC}") = "Stratum.Feature.AdminPages", "src\Feature\code\Stratum.Feature.AdminPages\Stratum.Feature.AdminPages.csproj", "{08B378D0-A710-4F5E-8716-0063E3674245}"
EndProject
Project("{2150E333-8FDC-42A3-9474-1A3956D46DE8}") = "Website", "Website", "{3486128A-03A2-4A94-B12C-8A2F92412C77}"
EndProject
Project("{FAE04EC0-301F-11D3-BF4B-00C04F79EFBC}") = "Stratum.Publish.Website", "src\Publish\Website\code\Stratum.Publish.Website\Stratum.Publish.Website.csproj", "{D3B0AB69-C2A0-4574-A632-5FA8AE7A7FA1}"
EndProject
Project("{2150E333-8FDC-42A3-9474-1A3956D46DE8}") = "Metadata", "Metadata", "{76531C95-853F-4BF4-B4B7-C253B08F553A}"
EndProject
Project("{FAE04EC0-301F-11D3-BF4B-00C04F79EFBC}") = "Stratum.Feature.Metadata", "src\Feature\code\Stratum.Feature.Metadata\Stratum.Feature.Metadata.csproj", "{CE8766CE-6D97-46CD-BC09-1DC7035C6F5E}"
EndProject
Project("{2150E333-8FDC-42A3-9474-1A3956D46DE8}") = "Assets", "Assets", "{23B0977C-1B53-41A3-84E3-FD476FB20B56}"
EndProject
Project("{FAE04EC0-301F-11D3-BF4B-00C04F79EFBC}") = "Stratum.Foundation.Assets", "src\Foundation\code\Stratum.Foundation.Assets\Stratum.Foundation.Assets.csproj", "{B36FB803-19FD-420A-984D-C8A59825C59A}"
EndProject
Project("{2150E333-8FDC-42A3-9474-1A3956D46DE8}") = "Forms", "Forms", "{FCA295CD-61CD-426B-9032-B3C786F10A3D}"
EndProject
Project("{FAE04EC0-301F-11D3-BF4B-00C04F79EFBC}") = "Stratum.Feature.Forms", "src\Feature\code\Stratum.Feature.Forms\Stratum.Feature.Forms.csproj", "{E0E2A8A9-2DD7-4B55-9F04-DA7676EC9420}"
EndProject
Project("{2150E333-8FDC-42A3-9474-1A3956D46DE8}") = "Forms", "Forms", "{DB17C5F6-23A1-418F-A9DA-67FEA668923B}"
EndProject
Project("{FAE04EC0-301F-11D3-BF4B-00C04F79EFBC}") = "Stratum.Foundation.Forms", "src\Foundation\code\Stratum.Foundation.Forms\Stratum.Foundation.Forms.csproj", "{7D0DBE1C-5A4F-4FC0-915E-3B68BFB4F704}"
EndProject
Project("{2150E333-8FDC-42A3-9474-1A3956D46DE8}") = "Accounts", "Accounts", "{158402D7-38FE-4507-88A0-0EE3B47882F6}"
EndProject
Project("{FAE04EC0-301F-11D3-BF4B-00C04F79EFBC}") = "Stratum.Feature.Accounts", "src\Feature\code\Stratum.Feature.Accounts\Stratum.Feature.Accounts.csproj", "{A35FCFA3-507C-4433-928A-0C86923BB4E1}"
EndProject
Project("{2150E333-8FDC-42A3-9474-1A3956D46DE8}") = "Search", "Search", "{874BB850-87E5-40E5-BB49-B3ED1A582223}"
EndProject
Project("{FAE04EC0-301F-11D3-BF4B-00C04F79EFBC}") = "Stratum.Foundation.Search", "src\Foundation\code\Stratum.Foundation.Search\Stratum.Foundation.Search.csproj", "{C6279D5B-BC57-4B16-BCD5-A4270D87DB06}"
EndProject
Global
	GlobalSection(SolutionConfigurationPlatforms) = preSolution
		Debug|Any CPU = Debug|Any CPU
		Release|Any CPU = Release|Any CPU
	EndGlobalSection
	GlobalSection(ProjectConfigurationPlatforms) = postSolution
		{AE6229F3-5B62-4AB6-8E84-16D6CA72E0C7}.Debug|Any CPU.ActiveCfg = Debug|Any CPU
		{AE6229F3-5B62-4AB6-8E84-16D6CA72E0C7}.Debug|Any CPU.Build.0 = Debug|Any CPU
		{AE6229F3-5B62-4AB6-8E84-16D6CA72E0C7}.Release|Any CPU.ActiveCfg = Release|Any CPU
		{AE6229F3-5B62-4AB6-8E84-16D6CA72E0C7}.Release|Any CPU.Build.0 = Release|Any CPU
		{17DFA8E3-0032-40C6-B084-9B92BAAE05CF}.Debug|Any CPU.ActiveCfg = Debug|Any CPU
		{17DFA8E3-0032-40C6-B084-9B92BAAE05CF}.Debug|Any CPU.Build.0 = Debug|Any CPU
		{17DFA8E3-0032-40C6-B084-9B92BAAE05CF}.Release|Any CPU.ActiveCfg = Release|Any CPU
		{17DFA8E3-0032-40C6-B084-9B92BAAE05CF}.Release|Any CPU.Build.0 = Release|Any CPU
		{E28642AD-A829-42A8-ABF0-850E0ECB07A9}.Debug|Any CPU.ActiveCfg = Debug|Any CPU
		{E28642AD-A829-42A8-ABF0-850E0ECB07A9}.Debug|Any CPU.Build.0 = Debug|Any CPU
		{E28642AD-A829-42A8-ABF0-850E0ECB07A9}.Release|Any CPU.ActiveCfg = Release|Any CPU
		{E28642AD-A829-42A8-ABF0-850E0ECB07A9}.Release|Any CPU.Build.0 = Release|Any CPU
		{4DA0D042-5516-4AD9-AE60-3D2273E5B4B0}.Debug|Any CPU.ActiveCfg = Debug|Any CPU
		{4DA0D042-5516-4AD9-AE60-3D2273E5B4B0}.Debug|Any CPU.Build.0 = Debug|Any CPU
		{4DA0D042-5516-4AD9-AE60-3D2273E5B4B0}.Release|Any CPU.ActiveCfg = Release|Any CPU
		{4DA0D042-5516-4AD9-AE60-3D2273E5B4B0}.Release|Any CPU.Build.0 = Release|Any CPU
		{60E8839C-4101-42A4-8BA6-E90FA7A7D312}.Debug|Any CPU.ActiveCfg = Debug|Any CPU
		{60E8839C-4101-42A4-8BA6-E90FA7A7D312}.Debug|Any CPU.Build.0 = Debug|Any CPU
		{60E8839C-4101-42A4-8BA6-E90FA7A7D312}.Release|Any CPU.ActiveCfg = Release|Any CPU
		{60E8839C-4101-42A4-8BA6-E90FA7A7D312}.Release|Any CPU.Build.0 = Release|Any CPU
		{AD224595-1018-4C97-8C4D-9CF74CE2AC54}.Debug|Any CPU.ActiveCfg = Debug|Any CPU
		{AD224595-1018-4C97-8C4D-9CF74CE2AC54}.Debug|Any CPU.Build.0 = Debug|Any CPU
		{AD224595-1018-4C97-8C4D-9CF74CE2AC54}.Release|Any CPU.ActiveCfg = Release|Any CPU
		{AD224595-1018-4C97-8C4D-9CF74CE2AC54}.Release|Any CPU.Build.0 = Release|Any CPU
		{40A20115-E8E3-410A-AF4C-68511C2D3EA1}.Debug|Any CPU.ActiveCfg = Debug|Any CPU
		{40A20115-E8E3-410A-AF4C-68511C2D3EA1}.Debug|Any CPU.Build.0 = Debug|Any CPU
		{40A20115-E8E3-410A-AF4C-68511C2D3EA1}.Release|Any CPU.ActiveCfg = Release|Any CPU
		{40A20115-E8E3-410A-AF4C-68511C2D3EA1}.Release|Any CPU.Build.0 = Release|Any CPU
		{08B378D0-A710-4F5E-8716-0063E3674245}.Debug|Any CPU.ActiveCfg = Debug|Any CPU
		{08B378D0-A710-4F5E-8716-0063E3674245}.Debug|Any CPU.Build.0 = Debug|Any CPU
		{08B378D0-A710-4F5E-8716-0063E3674245}.Release|Any CPU.ActiveCfg = Release|Any CPU
		{08B378D0-A710-4F5E-8716-0063E3674245}.Release|Any CPU.Build.0 = Release|Any CPU
		{D3B0AB69-C2A0-4574-A632-5FA8AE7A7FA1}.Debug|Any CPU.ActiveCfg = Debug|Any CPU
		{D3B0AB69-C2A0-4574-A632-5FA8AE7A7FA1}.Debug|Any CPU.Build.0 = Debug|Any CPU
		{D3B0AB69-C2A0-4574-A632-5FA8AE7A7FA1}.Release|Any CPU.ActiveCfg = Release|Any CPU
		{D3B0AB69-C2A0-4574-A632-5FA8AE7A7FA1}.Release|Any CPU.Build.0 = Release|Any CPU
		{CE8766CE-6D97-46CD-BC09-1DC7035C6F5E}.Debug|Any CPU.ActiveCfg = Debug|Any CPU
		{CE8766CE-6D97-46CD-BC09-1DC7035C6F5E}.Debug|Any CPU.Build.0 = Debug|Any CPU
		{CE8766CE-6D97-46CD-BC09-1DC7035C6F5E}.Release|Any CPU.ActiveCfg = Release|Any CPU
		{CE8766CE-6D97-46CD-BC09-1DC7035C6F5E}.Release|Any CPU.Build.0 = Release|Any CPU
		{B36FB803-19FD-420A-984D-C8A59825C59A}.Debug|Any CPU.ActiveCfg = Debug|Any CPU
		{B36FB803-19FD-420A-984D-C8A59825C59A}.Debug|Any CPU.Build.0 = Debug|Any CPU
		{B36FB803-19FD-420A-984D-C8A59825C59A}.Release|Any CPU.ActiveCfg = Release|Any CPU
		{B36FB803-19FD-420A-984D-C8A59825C59A}.Release|Any CPU.Build.0 = Release|Any CPU
		{E0E2A8A9-2DD7-4B55-9F04-DA7676EC9420}.Debug|Any CPU.ActiveCfg = Debug|Any CPU
		{E0E2A8A9-2DD7-4B55-9F04-DA7676EC9420}.Debug|Any CPU.Build.0 = Debug|Any CPU
		{E0E2A8A9-2DD7-4B55-9F04-DA7676EC9420}.Release|Any CPU.ActiveCfg = Release|Any CPU
		{E0E2A8A9-2DD7-4B55-9F04-DA7676EC9420}.Release|Any CPU.Build.0 = Release|Any CPU
		{7D0DBE1C-5A4F-4FC0-915E-3B68BFB4F704}.Debug|Any CPU.ActiveCfg = Debug|Any CPU
		{7D0DBE1C-5A4F-4FC0-915E-3B68BFB4F704}.Debug|Any CPU.Build.0 = Debug|Any CPU
		{7D0DBE1C-5A4F-4FC0-915E-3B68BFB4F704}.Release|Any CPU.ActiveCfg = Release|Any CPU
		{7D0DBE1C-5A4F-4FC0-915E-3B68BFB4F704}.Release|Any CPU.Build.0 = Release|Any CPU
		{A35FCFA3-507C-4433-928A-0C86923BB4E1}.Debug|Any CPU.ActiveCfg = Debug|Any CPU
		{A35FCFA3-507C-4433-928A-0C86923BB4E1}.Debug|Any CPU.Build.0 = Debug|Any CPU
		{A35FCFA3-507C-4433-928A-0C86923BB4E1}.Release|Any CPU.ActiveCfg = Release|Any CPU
		{A35FCFA3-507C-4433-928A-0C86923BB4E1}.Release|Any CPU.Build.0 = Release|Any CPU
		{C6279D5B-BC57-4B16-BCD5-A4270D87DB06}.Debug|Any CPU.ActiveCfg = Debug|Any CPU
		{C6279D5B-BC57-4B16-BCD5-A4270D87DB06}.Debug|Any CPU.Build.0 = Debug|Any CPU
		{C6279D5B-BC57-4B16-BCD5-A4270D87DB06}.Release|Any CPU.ActiveCfg = Release|Any CPU
		{C6279D5B-BC57-4B16-BCD5-A4270D87DB06}.Release|Any CPU.Build.0 = Release|Any CPU
	EndGlobalSection
	GlobalSection(SolutionProperties) = preSolution
		HideSolutionNode = FALSE
	EndGlobalSection
	GlobalSection(NestedProjects) = preSolution
		{9E2AC4D2-88DF-42F0-B96D-7700897A52F1} = {F18B48E3-45D7-4D97-9024-9B99FF7AB1AF}
		{AE6229F3-5B62-4AB6-8E84-16D6CA72E0C7} = {9E2AC4D2-88DF-42F0-B96D-7700897A52F1}
		{BA2A73BB-35B3-40ED-96A0-B8DAE113649E} = {16847E42-A5A6-44ED-B71B-A220447C60E1}
		{17DFA8E3-0032-40C6-B084-9B92BAAE05CF} = {BA2A73BB-35B3-40ED-96A0-B8DAE113649E}
		{D1B4B597-94D6-4077-8966-6FFDE7A59A62} = {CAFF5CBC-F893-4DA7-BA60-FEE6501558DE}
		{E28642AD-A829-42A8-ABF0-850E0ECB07A9} = {D1B4B597-94D6-4077-8966-6FFDE7A59A62}
		{7F5CEC22-96B2-40BD-9AE7-BBF1C773EA80} = {16847E42-A5A6-44ED-B71B-A220447C60E1}
		{4DA0D042-5516-4AD9-AE60-3D2273E5B4B0} = {7F5CEC22-96B2-40BD-9AE7-BBF1C773EA80}
		{FE99B851-EA7A-427D-910F-0A97AA6BF2D3} = {16847E42-A5A6-44ED-B71B-A220447C60E1}
		{60E8839C-4101-42A4-8BA6-E90FA7A7D312} = {FE99B851-EA7A-427D-910F-0A97AA6BF2D3}
		{25A81F4D-C872-4204-BC71-A177F7DF2292} = {F18B48E3-45D7-4D97-9024-9B99FF7AB1AF}
		{AD224595-1018-4C97-8C4D-9CF74CE2AC54} = {25A81F4D-C872-4204-BC71-A177F7DF2292}
		{BC6D9F43-541D-4E47-9539-EF16BFB5F6DD} = {F18B48E3-45D7-4D97-9024-9B99FF7AB1AF}
		{40A20115-E8E3-410A-AF4C-68511C2D3EA1} = {BC6D9F43-541D-4E47-9539-EF16BFB5F6DD}
		{FF982D65-3833-440C-939F-B3A0B1D7D8FD} = {16847E42-A5A6-44ED-B71B-A220447C60E1}
		{08B378D0-A710-4F5E-8716-0063E3674245} = {FF982D65-3833-440C-939F-B3A0B1D7D8FD}
		{3486128A-03A2-4A94-B12C-8A2F92412C77} = {41D24D98-CF71-404F-A102-F433E0C96A25}
		{D3B0AB69-C2A0-4574-A632-5FA8AE7A7FA1} = {3486128A-03A2-4A94-B12C-8A2F92412C77}
		{76531C95-853F-4BF4-B4B7-C253B08F553A} = {16847E42-A5A6-44ED-B71B-A220447C60E1}
		{CE8766CE-6D97-46CD-BC09-1DC7035C6F5E} = {76531C95-853F-4BF4-B4B7-C253B08F553A}
		{23B0977C-1B53-41A3-84E3-FD476FB20B56} = {F18B48E3-45D7-4D97-9024-9B99FF7AB1AF}
		{B36FB803-19FD-420A-984D-C8A59825C59A} = {23B0977C-1B53-41A3-84E3-FD476FB20B56}
		{FCA295CD-61CD-426B-9032-B3C786F10A3D} = {16847E42-A5A6-44ED-B71B-A220447C60E1}
		{E0E2A8A9-2DD7-4B55-9F04-DA7676EC9420} = {FCA295CD-61CD-426B-9032-B3C786F10A3D}
		{DB17C5F6-23A1-418F-A9DA-67FEA668923B} = {F18B48E3-45D7-4D97-9024-9B99FF7AB1AF}
		{7D0DBE1C-5A4F-4FC0-915E-3B68BFB4F704} = {DB17C5F6-23A1-418F-A9DA-67FEA668923B}
		{158402D7-38FE-4507-88A0-0EE3B47882F6} = {16847E42-A5A6-44ED-B71B-A220447C60E1}
		{A35FCFA3-507C-4433-928A-0C86923BB4E1} = {158402D7-38FE-4507-88A0-0EE3B47882F6}
		{874BB850-87E5-40E5-BB49-B3ED1A582223} = {F18B48E3-45D7-4D97-9024-9B99FF7AB1AF}
		{C6279D5B-BC57-4B16-BCD5-A4270D87DB06} = {874BB850-87E5-40E5-BB49-B3ED1A582223}
	EndGlobalSection
	GlobalSection(ExtensibilityGlobals) = postSolution
		SolutionGuid = {0C9C1B1B-6F14-4BC4-ABA6-09845A29140B}
	EndGlobalSection
EndGlobal
